
Microsoft Visual Studio Solution File, Format Version 12.00
# Visual Studio Version 16
VisualStudioVersion = 16.0.33423.256
MinimumVisualStudioVersion = 10.0.40219.1
Project("{FAE04EC0-301F-11D3-BF4B-00C04F79EFBC}") = "dz1_29.03", "dz1_29.03\dz1_29.03.csproj", "{3E90501F-491A-4968-908E-4698BD6F5BAF}"
EndProject
Global
	GlobalSection(SolutionConfigurationPlatforms) = preSolution
		Debug|Any CPU = Debug|Any CPU
		Release|Any CPU = Release|Any CPU
	EndGlobalSection
	GlobalSection(ProjectConfigurationPlatforms) = postSolution
		{3E90501F-491A-4968-908E-4698BD6F5BAF}.Debug|Any CPU.ActiveCfg = Debug|Any CPU
		{3E90501F-491A-4968-908E-4698BD6F5BAF}.Debug|Any CPU.Build.0 = Debug|Any CPU
		{3E90501F-491A-4968-908E-4698BD6F5BAF}.Release|Any CPU.ActiveCfg = Release|Any CPU
		{3E90501F-491A-4968-908E-4698BD6F5BAF}.Release|Any CPU.Build.0 = Release|Any CPU
	EndGlobalSection
	GlobalSection(SolutionProperties) = preSolution
		HideSolutionNode = FALSE
	EndGlobalSection
	GlobalSection(ExtensibilityGlobals) = postSolution
		SolutionGuid = {A452EEE5-2250-47BD-A04E-47A266D1E50B}
	EndGlobalSection
EndGlobal
